// !$*UTF8*$!
{
	archiveVersion = 1;
	classes = {
	};
	objectVersion = 46;
	objects = {

/* Begin PBXBuildFile section */
		7A540FF81D388D1E00C6BAB8 /* LogInRegisterViewController.m in Sources */ = {isa = PBXBuildFile; fileRef = 7A540FF71D388D1E00C6BAB8 /* LogInRegisterViewController.m */; };
		7A540FFA1D38C41D00C6BAB8 /* libsqlite3.0.tbd in Frameworks */ = {isa = PBXBuildFile; fileRef = 7A540FF91D38C41D00C6BAB8 /* libsqlite3.0.tbd */; };
		7A540FFD1D38E02F00C6BAB8 /* JRCoreData.xcdatamodeld in Sources */ = {isa = PBXBuildFile; fileRef = 7A540FFB1D38E02F00C6BAB8 /* JRCoreData.xcdatamodeld */; };
		7A5F71391D362C4100E4833D /* 前进图标.jpeg in Resources */ = {isa = PBXBuildFile; fileRef = 7A5F71371D362C4100E4833D /* 前进图标.jpeg */; };
		7A5F713A1D362C4100E4833D /* 后退图标.jpg in Resources */ = {isa = PBXBuildFile; fileRef = 7A5F71381D362C4100E4833D /* 后退图标.jpg */; };
		7A5F713D1D362E1400E4833D /* timeController.m in Sources */ = {isa = PBXBuildFile; fileRef = 7A5F713C1D362E1400E4833D /* timeController.m */; };
		7ABB6DB01D362A0D00E6071E /* main.m in Sources */ = {isa = PBXBuildFile; fileRef = 7ABB6DAF1D362A0D00E6071E /* main.m */; };
		7ABB6DB31D362A0D00E6071E /* AppDelegate.m in Sources */ = {isa = PBXBuildFile; fileRef = 7ABB6DB21D362A0D00E6071E /* AppDelegate.m */; };
		7ABB6DB61D362A0D00E6071E /* ViewController.m in Sources */ = {isa = PBXBuildFile; fileRef = 7ABB6DB51D362A0D00E6071E /* ViewController.m */; };
		7ABB6DB91D362A0D00E6071E /* Main.storyboard in Resources */ = {isa = PBXBuildFile; fileRef = 7ABB6DB71D362A0D00E6071E /* Main.storyboard */; };
		7ABB6DBB1D362A0D00E6071E /* Assets.xcassets in Resources */ = {isa = PBXBuildFile; fileRef = 7ABB6DBA1D362A0D00E6071E /* Assets.xcassets */; };
		7ABB6DBE1D362A0D00E6071E /* LaunchScreen.storyboard in Resources */ = {isa = PBXBuildFile; fileRef = 7ABB6DBC1D362A0D00E6071E /* LaunchScreen.storyboard */; };
		7ABB6DC91D362A0D00E6071E /* myMedicine1_0Tests.m in Sources */ = {isa = PBXBuildFile; fileRef = 7ABB6DC81D362A0D00E6071E /* myMedicine1_0Tests.m */; };
		7ABB6DD41D362A0D00E6071E /* myMedicine1_0UITests.m in Sources */ = {isa = PBXBuildFile; fileRef = 7ABB6DD31D362A0D00E6071E /* myMedicine1_0UITests.m */; };
		977EE96CC0E3FD6F824F5BA9 /* Pods_myMedicine1_0.framework in Frameworks */ = {isa = PBXBuildFile; fileRef = F0E2CD39AF842B1DF81F6F8E /* Pods_myMedicine1_0.framework */; };
/* End PBXBuildFile section */

/* Begin PBXContainerItemProxy section */
		7ABB6DC51D362A0D00E6071E /* PBXContainerItemProxy */ = {
			isa = PBXContainerItemProxy;
			containerPortal = 7ABB6DA31D362A0C00E6071E /* Project object */;
			proxyType = 1;
			remoteGlobalIDString = 7ABB6DAA1D362A0C00E6071E;
			remoteInfo = myMedicine1.0;
		};
		7ABB6DD01D362A0D00E6071E /* PBXContainerItemProxy */ = {
			isa = PBXContainerItemProxy;
			containerPortal = 7ABB6DA31D362A0C00E6071E /* Project object */;
			proxyType = 1;
			remoteGlobalIDString = 7ABB6DAA1D362A0C00E6071E;
			remoteInfo = myMedicine1.0;
		};
/* End PBXContainerItemProxy section */

/* Begin PBXFileReference section */
		2E6731800B96B8294F28B577 /* Pods-myMedicine1.0.debug.xcconfig */ = {isa = PBXFileReference; includeInIndex = 1; lastKnownFileType = text.xcconfig; name = "Pods-myMedicine1.0.debug.xcconfig"; path = "Pods/Target Support Files/Pods-myMedicine1.0/Pods-myMedicine1.0.debug.xcconfig"; sourceTree = "<group>"; };
		7A540FF61D388D1E00C6BAB8 /* LogInRegisterViewController.h */ = {isa = PBXFileReference; fileEncoding = 4; lastKnownFileType = sourcecode.c.h; path = LogInRegisterViewController.h; sourceTree = "<group>"; };
		7A540FF71D388D1E00C6BAB8 /* LogInRegisterViewController.m */ = {isa = PBXFileReference; fileEncoding = 4; lastKnownFileType = sourcecode.c.objc; path = LogInRegisterViewController.m; sourceTree = "<group>"; };
		7A540FF91D38C41D00C6BAB8 /* libsqlite3.0.tbd */ = {isa = PBXFileReference; lastKnownFileType = "sourcecode.text-based-dylib-definition"; name = libsqlite3.0.tbd; path = usr/lib/libsqlite3.0.tbd; sourceTree = SDKROOT; };
		7A540FFC1D38E02F00C6BAB8 /* JRCoreData.xcdatamodel */ = {isa = PBXFileReference; lastKnownFileType = wrapper.xcdatamodel; path = JRCoreData.xcdatamodel; sourceTree = "<group>"; };
		7A5F71371D362C4100E4833D /* 前进图标.jpeg */ = {isa = PBXFileReference; lastKnownFileType = image.jpeg; path = "前进图标.jpeg"; sourceTree = "<group>"; };
		7A5F71381D362C4100E4833D /* 后退图标.jpg */ = {isa = PBXFileReference; lastKnownFileType = image.jpeg; path = "后退图标.jpg"; sourceTree = "<group>"; };
		7A5F713B1D362E1400E4833D /* timeController.h */ = {isa = PBXFileReference; fileEncoding = 4; lastKnownFileType = sourcecode.c.h; path = timeController.h; sourceTree = "<group>"; };
		7A5F713C1D362E1400E4833D /* timeController.m */ = {isa = PBXFileReference; fileEncoding = 4; lastKnownFileType = sourcecode.c.objc; path = timeController.m; sourceTree = "<group>"; };
		7ABB6DAB1D362A0C00E6071E /* myMedicine1.0.app */ = {isa = PBXFileReference; explicitFileType = wrapper.application; includeInIndex = 0; path = myMedicine1.0.app; sourceTree = BUILT_PRODUCTS_DIR; };
		7ABB6DAF1D362A0D00E6071E /* main.m */ = {isa = PBXFileReference; lastKnownFileType = sourcecode.c.objc; path = main.m; sourceTree = "<group>"; };
		7ABB6DB11D362A0D00E6071E /* AppDelegate.h */ = {isa = PBXFileReference; lastKnownFileType = sourcecode.c.h; path = AppDelegate.h; sourceTree = "<group>"; };
		7ABB6DB21D362A0D00E6071E /* AppDelegate.m */ = {isa = PBXFileReference; lastKnownFileType = sourcecode.c.objc; path = AppDelegate.m; sourceTree = "<group>"; };
		7ABB6DB41D362A0D00E6071E /* ViewController.h */ = {isa = PBXFileReference; lastKnownFileType = sourcecode.c.h; path = ViewController.h; sourceTree = "<group>"; };
		7ABB6DB51D362A0D00E6071E /* ViewController.m */ = {isa = PBXFileReference; lastKnownFileType = sourcecode.c.objc; path = ViewController.m; sourceTree = "<group>"; };
		7ABB6DB81D362A0D00E6071E /* Base */ = {isa = PBXFileReference; lastKnownFileType = file.storyboard; name = Base; path = Base.lproj/Main.storyboard; sourceTree = "<group>"; };
		7ABB6DBA1D362A0D00E6071E /* Assets.xcassets */ = {isa = PBXFileReference; lastKnownFileType = folder.assetcatalog; path = Assets.xcassets; sourceTree = "<group>"; };
		7ABB6DBD1D362A0D00E6071E /* Base */ = {isa = PBXFileReference; lastKnownFileType = file.storyboard; name = Base; path = Base.lproj/LaunchScreen.storyboard; sourceTree = "<group>"; };
		7ABB6DBF1D362A0D00E6071E /* Info.plist */ = {isa = PBXFileReference; lastKnownFileType = text.plist.xml; path = Info.plist; sourceTree = "<group>"; };
		7ABB6DC41D362A0D00E6071E /* myMedicine1.0Tests.xctest */ = {isa = PBXFileReference; explicitFileType = wrapper.cfbundle; includeInIndex = 0; path = myMedicine1.0Tests.xctest; sourceTree = BUILT_PRODUCTS_DIR; };
		7ABB6DC81D362A0D00E6071E /* myMedicine1_0Tests.m */ = {isa = PBXFileReference; lastKnownFileType = sourcecode.c.objc; path = myMedicine1_0Tests.m; sourceTree = "<group>"; };
		7ABB6DCA1D362A0D00E6071E /* Info.plist */ = {isa = PBXFileReference; lastKnownFileType = text.plist.xml; path = Info.plist; sourceTree = "<group>"; };
		7ABB6DCF1D362A0D00E6071E /* myMedicine1.0UITests.xctest */ = {isa = PBXFileReference; explicitFileType = wrapper.cfbundle; includeInIndex = 0; path = myMedicine1.0UITests.xctest; sourceTree = BUILT_PRODUCTS_DIR; };
		7ABB6DD31D362A0D00E6071E /* myMedicine1_0UITests.m */ = {isa = PBXFileReference; lastKnownFileType = sourcecode.c.objc; path = myMedicine1_0UITests.m; sourceTree = "<group>"; };
		7ABB6DD51D362A0D00E6071E /* Info.plist */ = {isa = PBXFileReference; lastKnownFileType = text.plist.xml; path = Info.plist; sourceTree = "<group>"; };
		D77F1DBA693D68446585A7AE /* Pods-myMedicine1.0.release.xcconfig */ = {isa = PBXFileReference; includeInIndex = 1; lastKnownFileType = text.xcconfig; name = "Pods-myMedicine1.0.release.xcconfig"; path = "Pods/Target Support Files/Pods-myMedicine1.0/Pods-myMedicine1.0.release.xcconfig"; sourceTree = "<group>"; };
		F0E2CD39AF842B1DF81F6F8E /* Pods_myMedicine1_0.framework */ = {isa = PBXFileReference; explicitFileType = wrapper.framework; includeInIndex = 0; path = Pods_myMedicine1_0.framework; sourceTree = BUILT_PRODUCTS_DIR; };
/* End PBXFileReference section */

/* Begin PBXFrameworksBuildPhase section */
		7ABB6DA81D362A0C00E6071E /* Frameworks */ = {
			isa = PBXFrameworksBuildPhase;
			buildActionMask = 2147483647;
			files = (
				7A540FFA1D38C41D00C6BAB8 /* libsqlite3.0.tbd in Frameworks */,
				977EE96CC0E3FD6F824F5BA9 /* Pods_myMedicine1_0.framework in Frameworks */,
			);
			runOnlyForDeploymentPostprocessing = 0;
		};
		7ABB6DC11D362A0D00E6071E /* Frameworks */ = {
			isa = PBXFrameworksBuildPhase;
			buildActionMask = 2147483647;
			files = (
			);
			runOnlyForDeploymentPostprocessing = 0;
		};
		7ABB6DCC1D362A0D00E6071E /* Frameworks */ = {
			isa = PBXFrameworksBuildPhase;
			buildActionMask = 2147483647;
			files = (
			);
			runOnlyForDeploymentPostprocessing = 0;
		};
/* End PBXFrameworksBuildPhase section */

/* Begin PBXGroup section */
		56C52EC07C0C1518302062A2 /* Frameworks */ = {
			isa = PBXGroup;
			children = (
				7A540FF91D38C41D00C6BAB8 /* libsqlite3.0.tbd */,
				F0E2CD39AF842B1DF81F6F8E /* Pods_myMedicine1_0.framework */,
			);
			name = Frameworks;
			sourceTree = "<group>";
		};
		7A5F71341D362C0800E4833D /* Controller */ = {
			isa = PBXGroup;
			children = (
				7A5F713B1D362E1400E4833D /* timeController.h */,
				7A5F713C1D362E1400E4833D /* timeController.m */,
				7A540FF61D388D1E00C6BAB8 /* LogInRegisterViewController.h */,
				7A540FF71D388D1E00C6BAB8 /* LogInRegisterViewController.m */,
			);
			path = Controller;
			sourceTree = "<group>";
		};
		7A5F71351D362C0800E4833D /* Model */ = {
			isa = PBXGroup;
			children = (
			);
			path = Model;
			sourceTree = "<group>";
		};
		7A5F71361D362C0800E4833D /* View */ = {
			isa = PBXGroup;
			children = (
			);
			path = View;
			sourceTree = "<group>";
		};
		7ABB6DA21D362A0C00E6071E = {
			isa = PBXGroup;
			children = (
				7ABB6DAD1D362A0D00E6071E /* myMedicine1.0 */,
				7ABB6DC71D362A0D00E6071E /* myMedicine1.0Tests */,
				7ABB6DD21D362A0D00E6071E /* myMedicine1.0UITests */,
				7ABB6DAC1D362A0C00E6071E /* Products */,
				C72FAC63EF67D46F57A12E3D /* Pods */,
				56C52EC07C0C1518302062A2 /* Frameworks */,
			);
			sourceTree = "<group>";
		};
		7ABB6DAC1D362A0C00E6071E /* Products */ = {
			isa = PBXGroup;
			children = (
				7ABB6DAB1D362A0C00E6071E /* myMedicine1.0.app */,
				7ABB6DC41D362A0D00E6071E /* myMedicine1.0Tests.xctest */,
				7ABB6DCF1D362A0D00E6071E /* myMedicine1.0UITests.xctest */,
			);
			name = Products;
			sourceTree = "<group>";
		};
		7ABB6DAD1D362A0D00E6071E /* myMedicine1.0 */ = {
			isa = PBXGroup;
			children = (
				7A5F71341D362C0800E4833D /* Controller */,
				7A5F71351D362C0800E4833D /* Model */,
				7A5F71361D362C0800E4833D /* View */,
				7ABB6DB11D362A0D00E6071E /* AppDelegate.h */,
				7ABB6DB21D362A0D00E6071E /* AppDelegate.m */,
				7ABB6DB41D362A0D00E6071E /* ViewController.h */,
				7ABB6DB51D362A0D00E6071E /* ViewController.m */,
				7ABB6DB71D362A0D00E6071E /* Main.storyboard */,
				7ABB6DBA1D362A0D00E6071E /* Assets.xcassets */,
				7A5F71371D362C4100E4833D /* 前进图标.jpeg */,
				7A5F71381D362C4100E4833D /* 后退图标.jpg */,
				7ABB6DBC1D362A0D00E6071E /* LaunchScreen.storyboard */,
				7ABB6DBF1D362A0D00E6071E /* Info.plist */,
				7ABB6DAE1D362A0D00E6071E /* Supporting Files */,
				7A540FFB1D38E02F00C6BAB8 /* JRCoreData.xcdatamodeld */,
			);
			path = myMedicine1.0;
			sourceTree = "<group>";
		};
		7ABB6DAE1D362A0D00E6071E /* Supporting Files */ = {
			isa = PBXGroup;
			children = (
				7ABB6DAF1D362A0D00E6071E /* main.m */,
			);
			name = "Supporting Files";
			sourceTree = "<group>";
		};
		7ABB6DC71D362A0D00E6071E /* myMedicine1.0Tests */ = {
			isa = PBXGroup;
			children = (
				7ABB6DC81D362A0D00E6071E /* myMedicine1_0Tests.m */,
				7ABB6DCA1D362A0D00E6071E /* Info.plist */,
			);
			path = myMedicine1.0Tests;
			sourceTree = "<group>";
		};
		7ABB6DD21D362A0D00E6071E /* myMedicine1.0UITests */ = {
			isa = PBXGroup;
			children = (
				7ABB6DD31D362A0D00E6071E /* myMedicine1_0UITests.m */,
				7ABB6DD51D362A0D00E6071E /* Info.plist */,
			);
			path = myMedicine1.0UITests;
			sourceTree = "<group>";
		};
		C72FAC63EF67D46F57A12E3D /* Pods */ = {
			isa = PBXGroup;
			children = (
				2E6731800B96B8294F28B577 /* Pods-myMedicine1.0.debug.xcconfig */,
				D77F1DBA693D68446585A7AE /* Pods-myMedicine1.0.release.xcconfig */,
			);
			name = Pods;
			sourceTree = "<group>";
		};
/* End PBXGroup section */

/* Begin PBXNativeTarget section */
		7ABB6DAA1D362A0C00E6071E /* myMedicine1.0 */ = {
			isa = PBXNativeTarget;
			buildConfigurationList = 7ABB6DD81D362A0D00E6071E /* Build configuration list for PBXNativeTarget "myMedicine1.0" */;
			buildPhases = (
				0485E5294FC662AD5244D030 /* [CP] Check Pods Manifest.lock */,
				7ABB6DA71D362A0C00E6071E /* Sources */,
				7ABB6DA81D362A0C00E6071E /* Frameworks */,
				7ABB6DA91D362A0C00E6071E /* Resources */,
				6401B3D81979603D3D07CC30 /* [CP] Embed Pods Frameworks */,
				1454B0525E52D50504895B59 /* [CP] Copy Pods Resources */,
			);
			buildRules = (
			);
			dependencies = (
			);
			name = myMedicine1.0;
			productName = myMedicine1.0;
			productReference = 7ABB6DAB1D362A0C00E6071E /* myMedicine1.0.app */;
			productType = "com.apple.product-type.application";
		};
		7ABB6DC31D362A0D00E6071E /* myMedicine1.0Tests */ = {
			isa = PBXNativeTarget;
			buildConfigurationList = 7ABB6DDB1D362A0D00E6071E /* Build configuration list for PBXNativeTarget "myMedicine1.0Tests" */;
			buildPhases = (
				7ABB6DC01D362A0D00E6071E /* Sources */,
				7ABB6DC11D362A0D00E6071E /* Frameworks */,
				7ABB6DC21D362A0D00E6071E /* Resources */,
			);
			buildRules = (
			);
			dependencies = (
				7ABB6DC61D362A0D00E6071E /* PBXTargetDependency */,
			);
			name = myMedicine1.0Tests;
			productName = myMedicine1.0Tests;
			productReference = 7ABB6DC41D362A0D00E6071E /* myMedicine1.0Tests.xctest */;
			productType = "com.apple.product-type.bundle.unit-test";
		};
		7ABB6DCE1D362A0D00E6071E /* myMedicine1.0UITests */ = {
			isa = PBXNativeTarget;
			buildConfigurationList = 7ABB6DDE1D362A0D00E6071E /* Build configuration list for PBXNativeTarget "myMedicine1.0UITests" */;
			buildPhases = (
				7ABB6DCB1D362A0D00E6071E /* Sources */,
				7ABB6DCC1D362A0D00E6071E /* Frameworks */,
				7ABB6DCD1D362A0D00E6071E /* Resources */,
			);
			buildRules = (
			);
			dependencies = (
				7ABB6DD11D362A0D00E6071E /* PBXTargetDependency */,
			);
			name = myMedicine1.0UITests;
			productName = myMedicine1.0UITests;
			productReference = 7ABB6DCF1D362A0D00E6071E /* myMedicine1.0UITests.xctest */;
			productType = "com.apple.product-type.bundle.ui-testing";
		};
/* End PBXNativeTarget section */

/* Begin PBXProject section */
		7ABB6DA31D362A0C00E6071E /* Project object */ = {
			isa = PBXProject;
			attributes = {
				LastUpgradeCheck = 0730;
				ORGANIZATIONNAME = microi;
				TargetAttributes = {
					7ABB6DAA1D362A0C00E6071E = {
						CreatedOnToolsVersion = 7.3.1;
					};
					7ABB6DC31D362A0D00E6071E = {
						CreatedOnToolsVersion = 7.3.1;
						TestTargetID = 7ABB6DAA1D362A0C00E6071E;
					};
					7ABB6DCE1D362A0D00E6071E = {
						CreatedOnToolsVersion = 7.3.1;
						TestTargetID = 7ABB6DAA1D362A0C00E6071E;
					};
				};
			};
			buildConfigurationList = 7ABB6DA61D362A0C00E6071E /* Build configuration list for PBXProject "myMedicine1.0" */;
			compatibilityVersion = "Xcode 3.2";
			developmentRegion = English;
			hasScannedForEncodings = 0;
			knownRegions = (
				en,
				Base,
			);
			mainGroup = 7ABB6DA21D362A0C00E6071E;
			productRefGroup = 7ABB6DAC1D362A0C00E6071E /* Products */;
			projectDirPath = "";
			projectRoot = "";
			targets = (
				7ABB6DAA1D362A0C00E6071E /* myMedicine1.0 */,
				7ABB6DC31D362A0D00E6071E /* myMedicine1.0Tests */,
				7ABB6DCE1D362A0D00E6071E /* myMedicine1.0UITests */,
			);
		};
/* End PBXProject section */

/* Begin PBXResourcesBuildPhase section */
		7ABB6DA91D362A0C00E6071E /* Resources */ = {
			isa = PBXResourcesBuildPhase;
			buildActionMask = 2147483647;
			files = (
				7ABB6DBE1D362A0D00E6071E /* LaunchScreen.storyboard in Resources */,
				7A5F713A1D362C4100E4833D /* 后退图标.jpg in Resources */,
				7ABB6DBB1D362A0D00E6071E /* Assets.xcassets in Resources */,
				7A5F71391D362C4100E4833D /* 前进图标.jpeg in Resources */,
				7ABB6DB91D362A0D00E6071E /* Main.storyboard in Resources */,
			);
			runOnlyForDeploymentPostprocessing = 0;
		};
		7ABB6DC21D362A0D00E6071E /* Resources */ = {
			isa = PBXResourcesBuildPhase;
			buildActionMask = 2147483647;
			files = (
			);
			runOnlyForDeploymentPostprocessing = 0;
		};
		7ABB6DCD1D362A0D00E6071E /* Resources */ = {
			isa = PBXResourcesBuildPhase;
			buildActionMask = 2147483647;
			files = (
			);
			runOnlyForDeploymentPostprocessing = 0;
		};
/* End PBXResourcesBuildPhase section */

/* Begin PBXShellScriptBuildPhase section */
		0485E5294FC662AD5244D030 /* [CP] Check Pods Manifest.lock */ = {
			isa = PBXShellScriptBuildPhase;
			buildActionMask = 2147483647;
			files = (
			);
			inputPaths = (
			);
			name = "[CP] Check Pods Manifest.lock";
			outputPaths = (
			);
			runOnlyForDeploymentPostprocessing = 0;
			shellPath = /bin/sh;
			shellScript = "diff \"${PODS_ROOT}/../Podfile.lock\" \"${PODS_ROOT}/Manifest.lock\" > /dev/null\nif [[ $? != 0 ]] ; then\n    cat << EOM\nerror: The sandbox is not in sync with the Podfile.lock. Run 'pod install' or update your CocoaPods installation.\nEOM\n    exit 1\nfi\n";
			showEnvVarsInLog = 0;
		};
		1454B0525E52D50504895B59 /* [CP] Copy Pods Resources */ = {
			isa = PBXShellScriptBuildPhase;
			buildActionMask = 2147483647;
			files = (
			);
			inputPaths = (
			);
			name = "[CP] Copy Pods Resources";
			outputPaths = (
			);
			runOnlyForDeploymentPostprocessing = 0;
			shellPath = /bin/sh;
			shellScript = "\"${SRCROOT}/Pods/Target Support Files/Pods-myMedicine1.0/Pods-myMedicine1.0-resources.sh\"\n";
			showEnvVarsInLog = 0;
		};
		6401B3D81979603D3D07CC30 /* [CP] Embed Pods Frameworks */ = {
			isa = PBXShellScriptBuildPhase;
			buildActionMask = 2147483647;
			files = (
			);
			inputPaths = (
			);
			name = "[CP] Embed Pods Frameworks";
			outputPaths = (
			);
			runOnlyForDeploymentPostprocessing = 0;
			shellPath = /bin/sh;
			shellScript = "\"${SRCROOT}/Pods/Target Support Files/Pods-myMedicine1.0/Pods-myMedicine1.0-frameworks.sh\"\n";
			showEnvVarsInLog = 0;
		};
/* End PBXShellScriptBuildPhase section */

/* Begin PBXSourcesBuildPhase section */
		7ABB6DA71D362A0C00E6071E /* Sources */ = {
			isa = PBXSourcesBuildPhase;
			buildActionMask = 2147483647;
			files = (
				7A540FF81D388D1E00C6BAB8 /* LogInRegisterViewController.m in Sources */,
				7ABB6DB61D362A0D00E6071E /* ViewController.m in Sources */,
				7ABB6DB31D362A0D00E6071E /* AppDelegate.m in Sources */,
				7A5F713D1D362E1400E4833D /* timeController.m in Sources */,
				7ABB6DB01D362A0D00E6071E /* main.m in Sources */,
				7A540FFD1D38E02F00C6BAB8 /* JRCoreData.xcdatamodeld in Sources */,
			);
			runOnlyForDeploymentPostprocessing = 0;
		};
		7ABB6DC01D362A0D00E6071E /* Sources */ = {
			isa = PBXSourcesBuildPhase;
			buildActionMask = 2147483647;
			files = (
				7ABB6DC91D362A0D00E6071E /* myMedicine1_0Tests.m in Sources */,
			);
			runOnlyForDeploymentPostprocessing = 0;
		};
		7ABB6DCB1D362A0D00E6071E /* Sources */ = {
			isa = PBXSourcesBuildPhase;
			buildActionMask = 2147483647;
			files = (
				7ABB6DD41D362A0D00E6071E /* myMedicine1_0UITests.m in Sources */,
			);
			runOnlyForDeploymentPostprocessing = 0;
		};
/* End PBXSourcesBuildPhase section */

/* Begin PBXTargetDependency section */
		7ABB6DC61D362A0D00E6071E /* PBXTargetDependency */ = {
			isa = PBXTargetDependency;
			target = 7ABB6DAA1D362A0C00E6071E /* myMedicine1.0 */;
			targetProxy = 7ABB6DC51D362A0D00E6071E /* PBXContainerItemProxy */;
		};
		7ABB6DD11D362A0D00E6071E /* PBXTargetDependency */ = {
			isa = PBXTargetDependency;
			target = 7ABB6DAA1D362A0C00E6071E /* myMedicine1.0 */;
			targetProxy = 7ABB6DD01D362A0D00E6071E /* PBXContainerItemProxy */;
		};
/* End PBXTargetDependency section */

/* Begin PBXVariantGroup section */
		7ABB6DB71D362A0D00E6071E /* Main.storyboard */ = {
			isa = PBXVariantGroup;
			children = (
				7ABB6DB81D362A0D00E6071E /* Base */,
			);
			name = Main.storyboard;
			sourceTree = "<group>";
		};
		7ABB6DBC1D362A0D00E6071E /* LaunchScreen.storyboard */ = {
			isa = PBXVariantGroup;
			children = (
				7ABB6DBD1D362A0D00E6071E /* Base */,
			);
			name = LaunchScreen.storyboard;
			sourceTree = "<group>";
		};
/* End PBXVariantGroup section */

/* Begin XCBuildConfiguration section */
		7ABB6DD61D362A0D00E6071E /* Debug */ = {
			isa = XCBuildConfiguration;
			buildSettings = {
				ALWAYS_SEARCH_USER_PATHS = NO;
				CLANG_ANALYZER_NONNULL = YES;
				CLANG_CXX_LANGUAGE_STANDARD = "gnu++0x";
				CLANG_CXX_LIBRARY = "libc++";
				CLANG_ENABLE_MODULES = YES;
				CLANG_ENABLE_OBJC_ARC = YES;
				CLANG_WARN_BOOL_CONVERSION = YES;
				CLANG_WARN_CONSTANT_CONVERSION = YES;
				CLANG_WARN_DIRECT_OBJC_ISA_USAGE = YES_ERROR;
				CLANG_WARN_EMPTY_BODY = YES;
				CLANG_WARN_ENUM_CONVERSION = YES;
				CLANG_WARN_INT_CONVERSION = YES;
				CLANG_WARN_OBJC_ROOT_CLASS = YES_ERROR;
				CLANG_WARN_UNREACHABLE_CODE = YES;
				CLANG_WARN__DUPLICATE_METHOD_MATCH = YES;
				"CODE_SIGN_IDENTITY[sdk=iphoneos*]" = "iPhone Developer";
				COPY_PHASE_STRIP = NO;
				DEBUG_INFORMATION_FORMAT = dwarf;
				ENABLE_STRICT_OBJC_MSGSEND = YES;
				ENABLE_TESTABILITY = YES;
				GCC_C_LANGUAGE_STANDARD = gnu99;
				GCC_DYNAMIC_NO_PIC = NO;
				GCC_NO_COMMON_BLOCKS = YES;
				GCC_OPTIMIZATION_LEVEL = 0;
				GCC_PREPROCESSOR_DEFINITIONS = (
					"DEBUG=1",
					"$(inherited)",
				);
				GCC_WARN_64_TO_32_BIT_CONVERSION = YES;
				GCC_WARN_ABOUT_RETURN_TYPE = YES_ERROR;
				GCC_WARN_UNDECLARED_SELECTOR = YES;
				GCC_WARN_UNINITIALIZED_AUTOS = YES_AGGRESSIVE;
				GCC_WARN_UNUSED_FUNCTION = YES;
				GCC_WARN_UNUSED_VARIABLE = YES;
				IPHONEOS_DEPLOYMENT_TARGET = 9.3;
				MTL_ENABLE_DEBUG_INFO = YES;
				ONLY_ACTIVE_ARCH = YES;
				SDKROOT = iphoneos;
			};
			name = Debug;
		};
		7ABB6DD71D362A0D00E6071E /* Release */ = {
			isa = XCBuildConfiguration;
			buildSettings = {
				ALWAYS_SEARCH_USER_PATHS = NO;
				CLANG_ANALYZER_NONNULL = YES;
				CLANG_CXX_LANGUAGE_STANDARD = "gnu++0x";
				CLANG_CXX_LIBRARY = "libc++";
				CLANG_ENABLE_MODULES = YES;
				CLANG_ENABLE_OBJC_ARC = YES;
				CLANG_WARN_BOOL_CONVERSION = YES;
				CLANG_WARN_CONSTANT_CONVERSION = YES;
				CLANG_WARN_DIRECT_OBJC_ISA_USAGE = YES_ERROR;
				CLANG_WARN_EMPTY_BODY = YES;
				CLANG_WARN_ENUM_CONVERSION = YES;
				CLANG_WARN_INT_CONVERSION = YES;
				CLANG_WARN_OBJC_ROOT_CLASS = YES_ERROR;
				CLANG_WARN_UNREACHABLE_CODE = YES;
				CLANG_WARN__DUPLICATE_METHOD_MATCH = YES;
				"CODE_SIGN_IDENTITY[sdk=iphoneos*]" = "iPhone Developer";
				COPY_PHASE_STRIP = NO;
				DEBUG_INFORMATION_FORMAT = "dwarf-with-dsym";
				ENABLE_NS_ASSERTIONS = NO;
				ENABLE_STRICT_OBJC_MSGSEND = YES;
				GCC_C_LANGUAGE_STANDARD = gnu99;
				GCC_NO_COMMON_BLOCKS = YES;
				GCC_WARN_64_TO_32_BIT_CONVERSION = YES;
				GCC_WARN_ABOUT_RETURN_TYPE = YES_ERROR;
				GCC_WARN_UNDECLARED_SELECTOR = YES;
				GCC_WARN_UNINITIALIZED_AUTOS = YES_AGGRESSIVE;
				GCC_WARN_UNUSED_FUNCTION = YES;
				GCC_WARN_UNUSED_VARIABLE = YES;
				IPHONEOS_DEPLOYMENT_TARGET = 9.3;
				MTL_ENABLE_DEBUG_INFO = NO;
				SDKROOT = iphoneos;
				VALIDATE_PRODUCT = YES;
			};
			name = Release;
		};
		7ABB6DD91D362A0D00E6071E /* Debug */ = {
			isa = XCBuildConfiguration;
			baseConfigurationReference = 2E6731800B96B8294F28B577 /* Pods-myMedicine1.0.debug.xcconfig */;
			buildSettings = {
				ASSETCATALOG_COMPILER_APPICON_NAME = AppIcon;
				INFOPLIST_FILE = myMedicine1.0/Info.plist;
				IPHONEOS_DEPLOYMENT_TARGET = 9.3;
				LD_RUNPATH_SEARCH_PATHS = "$(inherited) @executable_path/Frameworks";
				PRODUCT_BUNDLE_IDENTIFIER = "com.microi.myMedicine1-0";
				PRODUCT_NAME = "$(TARGET_NAME)";
				TARGETED_DEVICE_FAMILY = 1;
			};
			name = Debug;
		};
		7ABB6DDA1D362A0D00E6071E /* Release */ = {
			isa = XCBuildConfiguration;
			baseConfigurationReference = D77F1DBA693D68446585A7AE /* Pods-myMedicine1.0.release.xcconfig */;
			buildSettings = {
				ASSETCATALOG_COMPILER_APPICON_NAME = AppIcon;
				INFOPLIST_FILE = myMedicine1.0/Info.plist;
				IPHONEOS_DEPLOYMENT_TARGET = 9.3;
				LD_RUNPATH_SEARCH_PATHS = "$(inherited) @executable_path/Frameworks";
				PRODUCT_BUNDLE_IDENTIFIER = "com.microi.myMedicine1-0";
				PRODUCT_NAME = "$(TARGET_NAME)";
				TARGETED_DEVICE_FAMILY = 1;
			};
			name = Release;
		};
		7ABB6DDC1D362A0D00E6071E /* Debug */ = {
			isa = XCBuildConfiguration;
			buildSettings = {
				BUNDLE_LOADER = "$(TEST_HOST)";
				INFOPLIST_FILE = myMedicine1.0Tests/Info.plist;
				LD_RUNPATH_SEARCH_PATHS = "$(inherited) @executable_path/Frameworks @loader_path/Frameworks";
				PRODUCT_BUNDLE_IDENTIFIER = "com.microi.myMedicine1-0Tests";
				PRODUCT_NAME = "$(TARGET_NAME)";
				TEST_HOST = "$(BUILT_PRODUCTS_DIR)/myMedicine1.0.app/myMedicine1.0";
			};
			name = Debug;
		};
		7ABB6DDD1D362A0D00E6071E /* Release */ = {
			isa = XCBuildConfiguration;
			buildSettings = {
				BUNDLE_LOADER = "$(TEST_HOST)";
				INFOPLIST_FILE = myMedicine1.0Tests/Info.plist;
				LD_RUNPATH_SEARCH_PATHS = "$(inherited) @executable_path/Frameworks @loader_path/Frameworks";
				PRODUCT_BUNDLE_IDENTIFIER = "com.microi.myMedicine1-0Tests";
				PRODUCT_NAME = "$(TARGET_NAME)";
				TEST_HOST = "$(BUILT_PRODUCTS_DIR)/myMedicine1.0.app/myMedicine1.0";
			};
			name = Release;
		};
		7ABB6DDF1D362A0D00E6071E /* Debug */ = {
			isa = XCBuildConfiguration;
			buildSettings = {
				INFOPLIST_FILE = myMedicine1.0UITests/Info.plist;
				LD_RUNPATH_SEARCH_PATHS = "$(inherited) @executable_path/Frameworks @loader_path/Frameworks";
				PRODUCT_BUNDLE_IDENTIFIER = "com.microi.myMedicine1-0UITests";
				PRODUCT_NAME = "$(TARGET_NAME)";
				TEST_TARGET_NAME = myMedicine1.0;
			};
			name = Debug;
		};
		7ABB6DE01D362A0D00E6071E /* Release */ = {
			isa = XCBuildConfiguration;
			buildSettings = {
				INFOPLIST_FILE = myMedicine1.0UITests/Info.plist;
				LD_RUNPATH_SEARCH_PATHS = "$(inherited) @executable_path/Frameworks @loader_path/Frameworks";
				PRODUCT_BUNDLE_IDENTIFIER = "com.microi.myMedicine1-0UITests";
				PRODUCT_NAME = "$(TARGET_NAME)";
				TEST_TARGET_NAME = myMedicine1.0;
			};
			name = Release;
		};
/* End XCBuildConfiguration section */

/* Begin XCConfigurationList section */
		7ABB6DA61D362A0C00E6071E /* Build configuration list for PBXProject "myMedicine1.0" */ = {
			isa = XCConfigurationList;
			buildConfigurations = (
				7ABB6DD61D362A0D00E6071E /* Debug */,
				7ABB6DD71D362A0D00E6071E /* Release */,
			);
			defaultConfigurationIsVisible = 0;
			defaultConfigurationName = Release;
		};
		7ABB6DD81D362A0D00E6071E /* Build configuration list for PBXNativeTarget "myMedicine1.0" */ = {
			isa = XCConfigurationList;
			buildConfigurations = (
				7ABB6DD91D362A0D00E6071E /* Debug */,
				7ABB6DDA1D362A0D00E6071E /* Release */,
			);
			defaultConfigurationIsVisible = 0;
			defaultConfigurationName = Release;
		};
		7ABB6DDB1D362A0D00E6071E /* Build configuration list for PBXNativeTarget "myMedicine1.0Tests" */ = {
			isa = XCConfigurationList;
			buildConfigurations = (
				7ABB6DDC1D362A0D00E6071E /* Debug */,
				7ABB6DDD1D362A0D00E6071E /* Release */,
			);
			defaultConfigurationIsVisible = 0;
			defaultConfigurationName = Release;
		};
		7ABB6DDE1D362A0D00E6071E /* Build configuration list for PBXNativeTarget "myMedicine1.0UITests" */ = {
			isa = XCConfigurationList;
			buildConfigurations = (
				7ABB6DDF1D362A0D00E6071E /* Debug */,
				7ABB6DE01D362A0D00E6071E /* Release */,
			);
			defaultConfigurationIsVisible = 0;
			defaultConfigurationName = Release;
		};
/* End XCConfigurationList section */

/* Begin XCVersionGroup section */
		7A540FFB1D38E02F00C6BAB8 /* JRCoreData.xcdatamodeld */ = {
			isa = XCVersionGroup;
			children = (
				7A540FFC1D38E02F00C6BAB8 /* JRCoreData.xcdatamodel */,
			);
			currentVersion = 7A540FFC1D38E02F00C6BAB8 /* JRCoreData.xcdatamodel */;
			path = JRCoreData.xcdatamodeld;
			sourceTree = "<group>";
			versionGroupType = wrapper.xcdatamodel;
		};
/* End XCVersionGroup section */
	};
	rootObject = 7ABB6DA31D362A0C00E6071E /* Project object */;
}
